
Microsoft Visual Studio Solution File, Format Version 12.00
# Visual Studio 15
VisualStudioVersion = 15.0.26124.0
MinimumVisualStudioVersion = 15.0.26124.0
Project("{FAE04EC0-301F-11D3-BF4B-00C04F79EFBC}") = "StackOverflow", "StackOverflow\StackOverflow.csproj", "{5C1CDE81-5441-461F-954D-FA6BEA0F97EC}"
EndProject
Project("{FAE04EC0-301F-11D3-BF4B-00C04F79EFBC}") = "StackOverflow.IntegrationTests", "StackOverflow.IntegrationTests\StackOverflow.IntegrationTests.csproj", "{4632E6E2-ED41-4C28-A682-31BF3A935680}"
EndProject
Project("{FAE04EC0-301F-11D3-BF4B-00C04F79EFBC}") = "StackOverflow.UnitTests", "StackOverflow.UnitTests\StackOverflow.UnitTests.csproj", "{14928551-6D46-4E7B-B0F2-DD0E19395139}"
EndProject
Project("{FAE04EC0-301F-11D3-BF4B-00C04F79EFBC}") = "StackOverflow.Presentation", "StackOverflow.Presentation\StackOverflow.Presentation.csproj", "{C20B6F82-C906-45AA-A8B3-54103327573E}"
EndProject
Global
	GlobalSection(SolutionConfigurationPlatforms) = preSolution
		Debug|Any CPU = Debug|Any CPU
		Debug|x64 = Debug|x64
		Debug|x86 = Debug|x86
		Release|Any CPU = Release|Any CPU
		Release|x64 = Release|x64
		Release|x86 = Release|x86
	EndGlobalSection
	GlobalSection(SolutionProperties) = preSolution
		HideSolutionNode = FALSE
	EndGlobalSection
	GlobalSection(ProjectConfigurationPlatforms) = postSolution
		{5C1CDE81-5441-461F-954D-FA6BEA0F97EC}.Debug|Any CPU.ActiveCfg = Debug|Any CPU
		{5C1CDE81-5441-461F-954D-FA6BEA0F97EC}.Debug|Any CPU.Build.0 = Debug|Any CPU
		{5C1CDE81-5441-461F-954D-FA6BEA0F97EC}.Debug|x64.ActiveCfg = Debug|Any CPU
		{5C1CDE81-5441-461F-954D-FA6BEA0F97EC}.Debug|x64.Build.0 = Debug|Any CPU
		{5C1CDE81-5441-461F-954D-FA6BEA0F97EC}.Debug|x86.ActiveCfg = Debug|Any CPU
		{5C1CDE81-5441-461F-954D-FA6BEA0F97EC}.Debug|x86.Build.0 = Debug|Any CPU
		{5C1CDE81-5441-461F-954D-FA6BEA0F97EC}.Release|Any CPU.ActiveCfg = Release|Any CPU
		{5C1CDE81-5441-461F-954D-FA6BEA0F97EC}.Release|Any CPU.Build.0 = Release|Any CPU
		{5C1CDE81-5441-461F-954D-FA6BEA0F97EC}.Release|x64.ActiveCfg = Release|Any CPU
		{5C1CDE81-5441-461F-954D-FA6BEA0F97EC}.Release|x64.Build.0 = Release|Any CPU
		{5C1CDE81-5441-461F-954D-FA6BEA0F97EC}.Release|x86.ActiveCfg = Release|Any CPU
		{5C1CDE81-5441-461F-954D-FA6BEA0F97EC}.Release|x86.Build.0 = Release|Any CPU
		{4632E6E2-ED41-4C28-A682-31BF3A935680}.Debug|Any CPU.ActiveCfg = Debug|Any CPU
		{4632E6E2-ED41-4C28-A682-31BF3A935680}.Debug|Any CPU.Build.0 = Debug|Any CPU
		{4632E6E2-ED41-4C28-A682-31BF3A935680}.Debug|x64.ActiveCfg = Debug|Any CPU
		{4632E6E2-ED41-4C28-A682-31BF3A935680}.Debug|x64.Build.0 = Debug|Any CPU
		{4632E6E2-ED41-4C28-A682-31BF3A935680}.Debug|x86.ActiveCfg = Debug|Any CPU
		{4632E6E2-ED41-4C28-A682-31BF3A935680}.Debug|x86.Build.0 = Debug|Any CPU
		{4632E6E2-ED41-4C28-A682-31BF3A935680}.Release|Any CPU.ActiveCfg = Release|Any CPU
		{4632E6E2-ED41-4C28-A682-31BF3A935680}.Release|Any CPU.Build.0 = Release|Any CPU
		{4632E6E2-ED41-4C28-A682-31BF3A935680}.Release|x64.ActiveCfg = Release|Any CPU
		{4632E6E2-ED41-4C28-A682-31BF3A935680}.Release|x64.Build.0 = Release|Any CPU
		{4632E6E2-ED41-4C28-A682-31BF3A935680}.Release|x86.ActiveCfg = Release|Any CPU
		{4632E6E2-ED41-4C28-A682-31BF3A935680}.Release|x86.Build.0 = Release|Any CPU
		{14928551-6D46-4E7B-B0F2-DD0E19395139}.Debug|Any CPU.ActiveCfg = Debug|Any CPU
		{14928551-6D46-4E7B-B0F2-DD0E19395139}.Debug|Any CPU.Build.0 = Debug|Any CPU
		{14928551-6D46-4E7B-B0F2-DD0E19395139}.Debug|x64.ActiveCfg = Debug|Any CPU
		{14928551-6D46-4E7B-B0F2-DD0E19395139}.Debug|x64.Build.0 = Debug|Any CPU
		{14928551-6D46-4E7B-B0F2-DD0E19395139}.Debug|x86.ActiveCfg = Debug|Any CPU
		{14928551-6D46-4E7B-B0F2-DD0E19395139}.Debug|x86.Build.0 = Debug|Any CPU
		{14928551-6D46-4E7B-B0F2-DD0E19395139}.Release|Any CPU.ActiveCfg = Release|Any CPU
		{14928551-6D46-4E7B-B0F2-DD0E19395139}.Release|Any CPU.Build.0 = Release|Any CPU
		{14928551-6D46-4E7B-B0F2-DD0E19395139}.Release|x64.ActiveCfg = Release|Any CPU
		{14928551-6D46-4E7B-B0F2-DD0E19395139}.Release|x64.Build.0 = Release|Any CPU
		{14928551-6D46-4E7B-B0F2-DD0E19395139}.Release|x86.ActiveCfg = Release|Any CPU
		{14928551-6D46-4E7B-B0F2-DD0E19395139}.Release|x86.Build.0 = Release|Any CPU
		{C20B6F82-C906-45AA-A8B3-54103327573E}.Debug|Any CPU.ActiveCfg = Debug|Any CPU
		{C20B6F82-C906-45AA-A8B3-54103327573E}.Debug|Any CPU.Build.0 = Debug|Any CPU
		{C20B6F82-C906-45AA-A8B3-54103327573E}.Debug|x64.ActiveCfg = Debug|Any CPU
		{C20B6F82-C906-45AA-A8B3-54103327573E}.Debug|x64.Build.0 = Debug|Any CPU
		{C20B6F82-C906-45AA-A8B3-54103327573E}.Debug|x86.ActiveCfg = Debug|Any CPU
		{C20B6F82-C906-45AA-A8B3-54103327573E}.Debug|x86.Build.0 = Debug|Any CPU
		{C20B6F82-C906-45AA-A8B3-54103327573E}.Release|Any CPU.ActiveCfg = Release|Any CPU
		{C20B6F82-C906-45AA-A8B3-54103327573E}.Release|Any CPU.Build.0 = Release|Any CPU
		{C20B6F82-C906-45AA-A8B3-54103327573E}.Release|x64.ActiveCfg = Release|Any CPU
		{C20B6F82-C906-45AA-A8B3-54103327573E}.Release|x64.Build.0 = Release|Any CPU
		{C20B6F82-C906-45AA-A8B3-54103327573E}.Release|x86.ActiveCfg = Release|Any CPU
		{C20B6F82-C906-45AA-A8B3-54103327573E}.Release|x86.Build.0 = Release|Any CPU
	EndGlobalSection
EndGlobal
